
Microsoft Visual Studio Solution File, Format Version 12.00
# Visual Studio 15
VisualStudioVersion = 15.0.28307.168
MinimumVisualStudioVersion = 10.0.40219.1
Project("{FAE04EC0-301F-11D3-BF4B-00C04F79EFBC}") = "FindBestSharpness", "FindBestSharpness\FindBestSharpness.csproj", "{60ED2D5F-837C-448E-819C-41725072D156}"
EndProject
Global
	GlobalSection(SolutionConfigurationPlatforms) = preSolution
		Debug|Any CPU = Debug|Any CPU
		Debug|x64 = Debug|x64
		Release|Any CPU = Release|Any CPU
		Release|x64 = Release|x64
	EndGlobalSection
	GlobalSection(ProjectConfigurationPlatforms) = postSolution
		{60ED2D5F-837C-448E-819C-41725072D156}.Debug|Any CPU.ActiveCfg = Debug|Any CPU
		{60ED2D5F-837C-448E-819C-41725072D156}.Debug|Any CPU.Build.0 = Debug|Any CPU
		{60ED2D5F-837C-448E-819C-41725072D156}.Debug|x64.ActiveCfg = Debug|x64
		{60ED2D5F-837C-448E-819C-41725072D156}.Debug|x64.Build.0 = Debug|x64
		{60ED2D5F-837C-448E-819C-41725072D156}.Release|Any CPU.ActiveCfg = Release|Any CPU
		{60ED2D5F-837C-448E-819C-41725072D156}.Release|Any CPU.Build.0 = Release|Any CPU
		{60ED2D5F-837C-448E-819C-41725072D156}.Release|x64.ActiveCfg = Release|x64
		{60ED2D5F-837C-448E-819C-41725072D156}.Release|x64.Build.0 = Release|x64
	EndGlobalSection
	GlobalSection(SolutionProperties) = preSolution
		HideSolutionNode = FALSE
	EndGlobalSection
	GlobalSection(ExtensibilityGlobals) = postSolution
		SolutionGuid = {A1B696DB-A90A-48CD-B903-3AADE05F9B48}
	EndGlobalSection
EndGlobal
